PODS:
  - Masonry (0.6.3)
  - SDWebImage (3.7.3):
    - SDWebImage/Core (= 3.7.3)
  - SDWebImage/Core (3.7.3)
  - TTTAttributedLabel (1.13.4)

DEPENDENCIES:
  - Masonry
  - SDWebImage
  - TTTAttributedLabel

SPEC CHECKSUMS:
  Masonry: ff105a956abcd19a618b2028b121cb638d7a8e2f
  SDWebImage: 1d2b1a1efda1ade1b00b6f8498865f8ddedc8a84
  TTTAttributedLabel: 0a2ac7b2dd726d32a070dafb01446026b11e624f

COCOAPODS: 0.39.0
