PODS:
  - Masonry (1.1.0)
  - SDWebImage (4.2.2):
    - SDWebImage/Core (= 4.2.2)
  - SDWebImage/Core (4.2.2)
  - TTTAttributedLabel (1.13.3)

DEPENDENCIES:
  - Masonry
  - SDWebImage
  - TTTAttributedLabel (= 1.13.3)

SPEC CHECKSUMS:
  Masonry: 678fab65091a9290e40e2832a55e7ab731aad201
  SDWebImage: 89a9d32cd520bbb46eb14e541d5109b3564af198
  TTTAttributedLabel: 6f3174aef8e738f44dff97c2eb7d8184f6ab6277

PODFILE CHECKSUM: abfb88065a2a66ef37aa56af4e124e6ce25dfcac

COCOAPODS: 1.3.1
